
Microsoft Visual Studio Solution File, Format Version 12.00
# Visual Studio Version 17
VisualStudioVersion = 17.0.31919.166
MinimumVisualStudioVersion = 10.0.40219.1
Project("{FAE04EC0-301F-11D3-BF4B-00C04F79EFBC}") = "System-Cont-Att", "System-Cont-Att.csproj", "{B426E045-1A68-4C7C-A747-556E6A9357D0}"
EndProject
Global
	GlobalSection(SolutionConfigurationPlatforms) = preSolution
		Debug|Any CPU = Debug|Any CPU
		Release|Any CPU = Release|Any CPU
	EndGlobalSection
	GlobalSection(ProjectConfigurationPlatforms) = postSolution
		{B426E045-1A68-4C7C-A747-556E6A9357D0}.Debug|Any CPU.ActiveCfg = Debug|Any CPU
		{B426E045-1A68-4C7C-A747-556E6A9357D0}.Debug|Any CPU.Build.0 = Debug|Any CPU
		{B426E045-1A68-4C7C-A747-556E6A9357D0}.Release|Any CPU.ActiveCfg = Release|Any CPU
		{B426E045-1A68-4C7C-A747-556E6A9357D0}.Release|Any CPU.Build.0 = Release|Any CPU
	EndGlobalSection
	GlobalSection(SolutionProperties) = preSolution
		HideSolutionNode = FALSE
	EndGlobalSection
	GlobalSection(ExtensibilityGlobals) = postSolution
		SolutionGuid = {A6DB5355-84B2-44A3-B253-C847BADD9BB3}
	EndGlobalSection
EndGlobal
