
Microsoft Visual Studio Solution File, Format Version 12.00
# Visual Studio Version 17
VisualStudioVersion = 17.0.31919.166
MinimumVisualStudioVersion = 10.0.40219.1
Project("{FAE04EC0-301F-11D3-BF4B-00C04F79EFBC}") = "System Cont", "System Cont.csproj", "{AC57F7C4-2D77-4513-A4D9-08D5C7886625}"
EndProject
Global
	GlobalSection(SolutionConfigurationPlatforms) = preSolution
		Debug|Any CPU = Debug|Any CPU
		Release|Any CPU = Release|Any CPU
	EndGlobalSection
	GlobalSection(ProjectConfigurationPlatforms) = postSolution
		{AC57F7C4-2D77-4513-A4D9-08D5C7886625}.Debug|Any CPU.ActiveCfg = Debug|Any CPU
		{AC57F7C4-2D77-4513-A4D9-08D5C7886625}.Debug|Any CPU.Build.0 = Debug|Any CPU
		{AC57F7C4-2D77-4513-A4D9-08D5C7886625}.Release|Any CPU.ActiveCfg = Release|Any CPU
		{AC57F7C4-2D77-4513-A4D9-08D5C7886625}.Release|Any CPU.Build.0 = Release|Any CPU
	EndGlobalSection
	GlobalSection(SolutionProperties) = preSolution
		HideSolutionNode = FALSE
	EndGlobalSection
	GlobalSection(ExtensibilityGlobals) = postSolution
		SolutionGuid = {D886DCD5-C9F0-4467-9731-B676AFEBCFE8}
	EndGlobalSection
EndGlobal
